// !$*UTF8*$!
{
    archiveVersion = 1;
    classes = {};
    objectVersion = 56;
    objects = {

/* Begin PBXBuildFile section */
        AE1000000000000000000001 = {isa = PBXBuildFile; fileRef = AE2000000000000000000001; };
        AE1000000000000000000002 = {isa = PBXBuildFile; fileRef = AE2000000000000000000002; };
        AE1000000000000000000003 = {isa = PBXBuildFile; fileRef = AE2000000000000000000003; };
        AC1000000000000000000001 = {isa = PBXBuildFile; fileRef = AC2000000000000000000001; };
        AD1000000000000000000001 = {isa = PBXBuildFile; fileRef = AD2000000000000000000001; };
        AD1000000000000000000002 = {isa = PBXBuildFile; fileRef = AD2000000000000000000002; };
        AD1000000000000000000003 = {isa = PBXBuildFile; fileRef = AD2000000000000000000003; };
        AC1000000000000000000002 = {isa = PBXBuildFile; fileRef = AC2000000000000000000002; };
        AC1000000000000000000003 = {isa = PBXBuildFile; fileRef = AC2000000000000000000003; };
        AC1000000000000000000004 = {isa = PBXBuildFile; productRef = AC0000000000000000000002; };
        A10000000000000000000001 = {isa = PBXBuildFile; fileRef = A20000000000000000000001; };
        A10000000000000000000002 = {isa = PBXBuildFile; fileRef = A20000000000000000000002; };
        A10000000000000000000003 = {isa = PBXBuildFile; fileRef = A20000000000000000000003; };
        A10000000000000000000004 = {isa = PBXBuildFile; fileRef = A20000000000000000000004; };
        A10000000000000000000005 = {isa = PBXBuildFile; fileRef = A20000000000000000000005; };
        A10000000000000000000006 = {isa = PBXBuildFile; fileRef = A20000000000000000000006; };
        A10000000000000000000007 = {isa = PBXBuildFile; fileRef = A20000000000000000000007; };
        A1000000000000000000000A = {isa = PBXBuildFile; fileRef = A2000000000000000000000A; };
        A1000000000000000000000B = {isa = PBXBuildFile; fileRef = A2000000000000000000000B; };
        A1000000000000000000000D = {isa = PBXBuildFile; fileRef = A2000000000000000000000D; };
        A1000000000000000000000E = {isa = PBXBuildFile; productRef = AA0000000000000000000002; };
        A1000000000000000000000F = {isa = PBXBuildFile; fileRef = A2000000000000000000000F; };
        A10000000000000000000010 = {isa = PBXBuildFile; fileRef = A20000000000000000000010; };
        A10000000000000000000011 = {isa = PBXBuildFile; fileRef = A20000000000000000000011; };
        A10000000000000000000012 = {isa = PBXBuildFile; fileRef = A20000000000000000000012; };
        A10000000000000000000013 = {isa = PBXBuildFile; productRef = AA0000000000000000000004; };
        A10000000000000000000014 = {isa = PBXBuildFile; fileRef = A20000000000000000000014; };
        AB1000000000000000000001 = {isa = PBXBuildFile; fileRef = AB2000000000000000000001; };
        AB1000000000000000000002 = {isa = PBXBuildFile; fileRef = AB2000000000000000000002; };
        AB1000000000000000000003 = {isa = PBXBuildFile; fileRef = AB2000000000000000000003; };
        AB1000000000000000000004 = {isa = PBXBuildFile; fileRef = AB2000000000000000000004; };
        AB1000000000000000000005 = {isa = PBXBuildFile; productRef = AB0000000000000000000002; };
/* End PBXBuildFile section */

/* Begin PBXFileReference section */
        AE2000000000000000000001 = {isa = PBXFileReference; lastKnownFileType = sourcecode.swift; path = VideoService.swift; sourceTree = "<group>"; };
        AE2000000000000000000002 = {isa = PBXFileReference; lastKnownFileType = sourcecode.swift; path = VideoSmoke.swift; sourceTree = "<group>"; };
        AE2000000000000000000003 = {isa = PBXFileReference; lastKnownFileType = video.quicktime; path = fixtures/video-mjpeg.mov; sourceTree = "<group>"; };
        AC2000000000000000000001 = {isa = PBXFileReference; lastKnownFileType = sourcecode.swift; path = Happu/NetworkSharingService.swift; sourceTree = "<group>"; };
        AD2000000000000000000001 = {isa = PBXFileReference; lastKnownFileType = sourcecode.swift; path = Happu/NetworkSharingAddresses.swift; sourceTree = "<group>"; };
        AD2000000000000000000002 = {isa = PBXFileReference; lastKnownFileType = sourcecode.swift; path = Happu/NetworkSharingQRCode.swift; sourceTree = "<group>"; };
        AD2000000000000000000003 = {isa = PBXFileReference; lastKnownFileType = sourcecode.swift; path = Happu/NetworkSharingView.swift; sourceTree = "<group>"; };
        AC2000000000000000000002 = {isa = PBXFileReference; lastKnownFileType = sourcecode.swift; path = Tests/NetworkSmoke.swift; sourceTree = "<group>"; };
        AC2000000000000000000003 = {isa = PBXFileReference; lastKnownFileType = sourcecode.swift; path = Tests/NetworkRuntimeTests.swift; sourceTree = "<group>"; };
        A20000000000000000000001 = {isa = PBXFileReference; lastKnownFileType = sourcecode.swift; path = HappuApp.swift; sourceTree = "<group>"; };
        A20000000000000000000002 = {isa = PBXFileReference; lastKnownFileType = sourcecode.swift; path = FileStore.swift; sourceTree = "<group>"; };
        A20000000000000000000003 = {isa = PBXFileReference; lastKnownFileType = sourcecode.swift; path = FilesView.swift; sourceTree = "<group>"; };
        A20000000000000000000004 = {isa = PBXFileReference; lastKnownFileType = sourcecode.swift; path = DownloadRequest.swift; sourceTree = "<group>"; };
        A20000000000000000000005 = {isa = PBXFileReference; lastKnownFileType = sourcecode.swift; path = DownloadManager.swift; sourceTree = "<group>"; };
        A20000000000000000000006 = {isa = PBXFileReference; lastKnownFileType = sourcecode.swift; path = DownloadsView.swift; sourceTree = "<group>"; };
        A20000000000000000000007 = {isa = PBXFileReference; lastKnownFileType = sourcecode.swift; path = MoreView.swift; sourceTree = "<group>"; };
        A20000000000000000000008 = {isa = PBXFileReference; lastKnownFileType = text.plist.xml; path = Info.plist; sourceTree = "<group>"; };
        A20000000000000000000009 = {isa = PBXFileReference; explicitFileType = wrapper.application; includeInIndex = 0; path = Happu.app; sourceTree = BUILT_PRODUCTS_DIR; };
        A2000000000000000000000A = {isa = PBXFileReference; lastKnownFileType = sourcecode.swift; path = WorkspaceCategory.swift; sourceTree = "<group>"; };
        A2000000000000000000000B = {isa = PBXFileReference; lastKnownFileType = sourcecode.swift; path = HappuUITests.swift; sourceTree = "<group>"; };
        A2000000000000000000000C = {isa = PBXFileReference; explicitFileType = wrapper.cfbundle; includeInIndex = 0; path = HappuUITests.xctest; sourceTree = BUILT_PRODUCTS_DIR; };
        A2000000000000000000000D = {isa = PBXFileReference; lastKnownFileType = sourcecode.swift; path = ArchiveService.swift; sourceTree = "<group>"; };
        A2000000000000000000000E = {isa = PBXFileReference; lastKnownFileType = sourcecode.c.h; path = ArchiveBridge.h; sourceTree = "<group>"; };
        A2000000000000000000000F = {isa = PBXFileReference; lastKnownFileType = sourcecode.c.objc; path = ArchiveBridge.m; sourceTree = "<group>"; };
        A20000000000000000000010 = {isa = PBXFileReference; lastKnownFileType = sourcecode.swift; path = ArchiveOperationView.swift; sourceTree = "<group>"; };
        A20000000000000000000011 = {isa = PBXFileReference; lastKnownFileType = sourcecode.swift; path = PDFService.swift; sourceTree = "<group>"; };
        A20000000000000000000012 = {isa = PBXFileReference; lastKnownFileType = sourcecode.swift; path = ImageService.swift; sourceTree = "<group>"; };
        A20000000000000000000014 = {isa = PBXFileReference; lastKnownFileType = sourcecode.swift; path = DocumentOperationView.swift; sourceTree = "<group>"; };
        AB2000000000000000000001 = {isa = PBXFileReference; lastKnownFileType = sourcecode.swift; path = MediaWorkspace.swift; sourceTree = "<group>"; };
        AB2000000000000000000002 = {isa = PBXFileReference; lastKnownFileType = sourcecode.swift; path = AudioService.swift; sourceTree = "<group>"; };
        AB2000000000000000000003 = {isa = PBXFileReference; lastKnownFileType = sourcecode.swift; path = AudioSmoke.swift; sourceTree = "<group>"; };
        AB2000000000000000000004 = {isa = PBXFileReference; lastKnownFileType = sourcecode.swift; path = MediaRuntimeTests.swift; sourceTree = "<group>"; };
        AB2000000000000000000005 = {isa = PBXFileReference; explicitFileType = wrapper.cfbundle; includeInIndex = 0; path = HappuRuntimeTests.xctest; sourceTree = BUILT_PRODUCTS_DIR; };
/* End PBXFileReference section */

/* Begin PBXFrameworksBuildPhase section */
        A30000000000000000000001 = {isa = PBXFrameworksBuildPhase; buildActionMask = 2147483647; files = (A1000000000000000000000E, A10000000000000000000013, AB1000000000000000000005, AC1000000000000000000004); runOnlyForDeploymentPostprocessing = 0; };
        AB3000000000000000000002 = {isa = PBXFrameworksBuildPhase; buildActionMask = 2147483647; files = (); runOnlyForDeploymentPostprocessing = 0; };
        AB3000000000000000000003 = {isa = PBXSourcesBuildPhase; buildActionMask = 2147483647; files = (AB1000000000000000000003, AB1000000000000000000004, AC1000000000000000000002, AC1000000000000000000003, AE1000000000000000000002); runOnlyForDeploymentPostprocessing = 0; };
/* End PBXFrameworksBuildPhase section */

/* Begin PBXGroup section */
        A40000000000000000000001 = {isa = PBXGroup; children = (A40000000000000000000002, A40000000000000000000004, A40000000000000000000003, A40000000000000000000005, AC4000000000000000000001); sourceTree = "<group>"; };
        AC4000000000000000000001 = {isa = PBXGroup; children = (AC2000000000000000000001, AC2000000000000000000002, AC2000000000000000000003, AD2000000000000000000001, AD2000000000000000000002, AD2000000000000000000003); name = Network; sourceTree = "<group>"; };
        A40000000000000000000002 = {isa = PBXGroup; children = (A20000000000000000000001, A20000000000000000000002, A20000000000000000000003, A20000000000000000000004, A20000000000000000000005, A20000000000000000000006, A20000000000000000000007, A2000000000000000000000A, A2000000000000000000000D, A20000000000000000000010, A20000000000000000000011, A20000000000000000000012, A20000000000000000000014, AB2000000000000000000001, AB2000000000000000000002, AE2000000000000000000001, A20000000000000000000008); path = Happu; sourceTree = "<group>"; };
        A40000000000000000000003 = {isa = PBXGroup; children = (A20000000000000000000009, A2000000000000000000000C, AB2000000000000000000005); name = Products; sourceTree = "<group>"; };
        A40000000000000000000004 = {isa = PBXGroup; children = (A2000000000000000000000B, AB2000000000000000000003, AB2000000000000000000004, AE2000000000000000000002, AE2000000000000000000003); path = Tests; sourceTree = "<group>"; };
        A40000000000000000000005 = {isa = PBXGroup; children = (A2000000000000000000000E, A2000000000000000000000F); path = ArchiveBridge; sourceTree = "<group>"; };
/* End PBXGroup section */

/* Begin PBXNativeTarget section */
        A50000000000000000000001 = {isa = PBXNativeTarget; buildConfigurationList = A80000000000000000000002; buildPhases = (A30000000000000000000002, A30000000000000000000001, AH3000000000000000000001); buildRules = (); dependencies = (); name = Happu; packageProductDependencies = (AA0000000000000000000002, AA0000000000000000000004, AB0000000000000000000002, AC0000000000000000000002); productName = Happu; productReference = A20000000000000000000009; productType = "com.apple.product-type.application"; };
        A50000000000000000000002 = {isa = PBXNativeTarget; buildConfigurationList = A80000000000000000000003; buildPhases = (A30000000000000000000004, A30000000000000000000003); buildRules = (); dependencies = (A90000000000000000000001); name = HappuUITests; productName = HappuUITests; productReference = A2000000000000000000000C; productType = "com.apple.product-type.bundle.ui-testing"; };
        AB5000000000000000000001 = {isa = PBXNativeTarget; buildConfigurationList = AB8000000000000000000001; buildPhases = (AB3000000000000000000003, AB3000000000000000000002, AE3000000000000000000001); buildRules = (); dependencies = (A90000000000000000000001); name = HappuRuntimeTests; productName = HappuRuntimeTests; productReference = AB2000000000000000000005; productType = "com.apple.product-type.bundle.unit-test"; };
/* End PBXNativeTarget section */

/* Begin PBXContainerItemProxy section */
        A90000000000000000000002 = {isa = PBXContainerItemProxy; containerPortal = A60000000000000000000001; proxyType = 1; remoteGlobalIDString = A50000000000000000000001; remoteInfo = Happu; };
/* End PBXContainerItemProxy section */

/* Begin PBXTargetDependency section */
        A90000000000000000000001 = {isa = PBXTargetDependency; target = A50000000000000000000001; targetProxy = A90000000000000000000002; };
/* End PBXTargetDependency section */

/* Begin PBXProject section */
        A60000000000000000000001 = {isa = PBXProject; attributes = {BuildIndependentTargetsInParallel = 1; LastUpgradeCheck = 1640; TargetAttributes = {A50000000000000000000001 = {CreatedOnToolsVersion = 16.4; }; A50000000000000000000002 = {CreatedOnToolsVersion = 16.4; TestTargetID = A50000000000000000000001; }; AB5000000000000000000001 = {CreatedOnToolsVersion = 27.0; TestTargetID = A50000000000000000000001; }; }; }; buildConfigurationList = A80000000000000000000001; compatibilityVersion = "Xcode 14.0"; developmentRegion = zh_CN; hasScannedForEncodings = 0; knownRegions = (zh_CN, en, Base); mainGroup = A40000000000000000000001; packageReferences = (AA0000000000000000000001, AA0000000000000000000003, AB0000000000000000000001, AC0000000000000000000001); productRefGroup = A40000000000000000000003; projectDirPath = ""; projectRoot = ""; targets = (A50000000000000000000001, A50000000000000000000002, AB5000000000000000000001); };
/* End PBXProject section */

/* Begin PBXSourcesBuildPhase section */
        A30000000000000000000002 = {isa = PBXSourcesBuildPhase; buildActionMask = 2147483647; files = (A10000000000000000000001, A10000000000000000000002, A10000000000000000000003, A10000000000000000000004, A10000000000000000000005, A10000000000000000000006, A10000000000000000000007, A1000000000000000000000A, A1000000000000000000000D, A1000000000000000000000F, A10000000000000000000010, A10000000000000000000011, A10000000000000000000012, A10000000000000000000014, AB1000000000000000000001, AB1000000000000000000002, AC1000000000000000000001, AD1000000000000000000001, AD1000000000000000000002, AD1000000000000000000003, AE1000000000000000000001); runOnlyForDeploymentPostprocessing = 0; };
        A30000000000000000000003 = {isa = PBXFrameworksBuildPhase; buildActionMask = 2147483647; files = (); runOnlyForDeploymentPostprocessing = 0; };
        A30000000000000000000004 = {isa = PBXSourcesBuildPhase; buildActionMask = 2147483647; files = (A1000000000000000000000B); runOnlyForDeploymentPostprocessing = 0; };
/* End PBXSourcesBuildPhase section */

/* Begin PBXResourcesBuildPhase section */
        AE3000000000000000000001 = {isa = PBXResourcesBuildPhase; buildActionMask = 2147483647; files = (AE1000000000000000000003); runOnlyForDeploymentPostprocessing = 0; };
/* End PBXResourcesBuildPhase section */

/* Begin PBXShellScriptBuildPhase section */
        AH3000000000000000000001 = {isa = PBXShellScriptBuildPhase; alwaysOutOfDate = 1; buildActionMask = 2147483647; files = (); inputPaths = ("$(TARGET_BUILD_DIR)/$(INFOPLIST_PATH)"); name = "Write build time"; outputPaths = (); runOnlyForDeploymentPostprocessing = 0; shellPath = /bin/sh; shellScript = "set -eu\n/usr/libexec/PlistBuddy -c \"Set :HappuBuildTime $(/bin/date -u '+%Y-%m-%dT%H:%M:%SZ')\" \"$SCRIPT_INPUT_FILE_0\"\n"; };
/* End PBXShellScriptBuildPhase section */

/* Begin XCBuildConfiguration section */
        A70000000000000000000001 = {isa = XCBuildConfiguration; buildSettings = {ALWAYS_SEARCH_USER_PATHS = NO; CLANG_ENABLE_MODULES = YES; IPHONEOS_DEPLOYMENT_TARGET = 18.0; ONLY_ACTIVE_ARCH = YES; SDKROOT = iphoneos; SWIFT_VERSION = 5.0; }; name = Debug; };
        A70000000000000000000002 = {isa = XCBuildConfiguration; buildSettings = {ALWAYS_SEARCH_USER_PATHS = NO; CLANG_ENABLE_MODULES = YES; IPHONEOS_DEPLOYMENT_TARGET = 18.0; SDKROOT = iphoneos; SWIFT_VERSION = 5.0; }; name = Release; };
        A70000000000000000000003 = {isa = XCBuildConfiguration; buildSettings = {ASSETCATALOG_COMPILER_APPICON_NAME = ""; CODE_SIGN_STYLE = Automatic; CURRENT_PROJECT_VERSION = 1; ENABLE_TESTABILITY = YES; GENERATE_INFOPLIST_FILE = NO; INFOPLIST_FILE = Happu/Info.plist; IPHONEOS_DEPLOYMENT_TARGET = 18.0; LD_RUNPATH_SEARCH_PATHS = ("$(inherited)", "@executable_path/Frameworks"); MARKETING_VERSION = 0.0.1; PRODUCT_BUNDLE_IDENTIFIER = com.happu.shureplica; PRODUCT_NAME = "$(TARGET_NAME)"; SUPPORTS_MACCATALYST = NO; SWIFT_OBJC_BRIDGING_HEADER = ArchiveBridge/ArchiveBridge.h; SWIFT_VERSION = 5.0; TARGETED_DEVICE_FAMILY = "1,2"; }; name = Debug; };
        A70000000000000000000004 = {isa = XCBuildConfiguration; buildSettings = {ASSETCATALOG_COMPILER_APPICON_NAME = ""; CODE_SIGN_STYLE = Automatic; CURRENT_PROJECT_VERSION = 1; GENERATE_INFOPLIST_FILE = NO; INFOPLIST_FILE = Happu/Info.plist; IPHONEOS_DEPLOYMENT_TARGET = 18.0; LD_RUNPATH_SEARCH_PATHS = ("$(inherited)", "@executable_path/Frameworks"); MARKETING_VERSION = 0.0.1; PRODUCT_BUNDLE_IDENTIFIER = com.happu.shureplica; PRODUCT_NAME = "$(TARGET_NAME)"; SUPPORTS_MACCATALYST = NO; SWIFT_OBJC_BRIDGING_HEADER = ArchiveBridge/ArchiveBridge.h; SWIFT_VERSION = 5.0; TARGETED_DEVICE_FAMILY = "1,2"; }; name = Release; };
        A70000000000000000000005 = {isa = XCBuildConfiguration; buildSettings = {CODE_SIGN_STYLE = Automatic; GENERATE_INFOPLIST_FILE = YES; IPHONEOS_DEPLOYMENT_TARGET = 18.0; PRODUCT_BUNDLE_IDENTIFIER = com.happu.shureplica.uitests; PRODUCT_NAME = "$(TARGET_NAME)"; SWIFT_VERSION = 5.0; TARGETED_DEVICE_FAMILY = "1,2"; TEST_TARGET_NAME = Happu; }; name = Debug; };
        A70000000000000000000006 = {isa = XCBuildConfiguration; buildSettings = {CODE_SIGN_STYLE = Automatic; GENERATE_INFOPLIST_FILE = YES; IPHONEOS_DEPLOYMENT_TARGET = 18.0; PRODUCT_BUNDLE_IDENTIFIER = com.happu.shureplica.uitests; PRODUCT_NAME = "$(TARGET_NAME)"; SWIFT_VERSION = 5.0; TARGETED_DEVICE_FAMILY = "1,2"; TEST_TARGET_NAME = Happu; }; name = Release; };
        AB7000000000000000000001 = {isa = XCBuildConfiguration; buildSettings = {BUNDLE_LOADER = "$(TEST_HOST)"; CODE_SIGN_STYLE = Automatic; GENERATE_INFOPLIST_FILE = YES; IPHONEOS_DEPLOYMENT_TARGET = 18.0; LD_RUNPATH_SEARCH_PATHS = ("$(inherited)", "@executable_path/Frameworks", "@loader_path/Frameworks"); PRODUCT_BUNDLE_IDENTIFIER = com.happu.shureplica.runtimetests; PRODUCT_NAME = "$(TARGET_NAME)"; SWIFT_VERSION = 5.0; TARGETED_DEVICE_FAMILY = "1,2"; TEST_HOST = "$(BUILT_PRODUCTS_DIR)/Happu.app/$(BUNDLE_EXECUTABLE_FOLDER_PATH)/Happu"; }; name = Debug; };
        AB7000000000000000000002 = {isa = XCBuildConfiguration; buildSettings = {BUNDLE_LOADER = "$(TEST_HOST)"; CODE_SIGN_STYLE = Automatic; GENERATE_INFOPLIST_FILE = YES; IPHONEOS_DEPLOYMENT_TARGET = 18.0; LD_RUNPATH_SEARCH_PATHS = ("$(inherited)", "@executable_path/Frameworks", "@loader_path/Frameworks"); PRODUCT_BUNDLE_IDENTIFIER = com.happu.shureplica.runtimetests; PRODUCT_NAME = "$(TARGET_NAME)"; SWIFT_VERSION = 5.0; TARGETED_DEVICE_FAMILY = "1,2"; TEST_HOST = "$(BUILT_PRODUCTS_DIR)/Happu.app/$(BUNDLE_EXECUTABLE_FOLDER_PATH)/Happu"; }; name = Release; };
/* End XCBuildConfiguration section */

/* Begin XCConfigurationList section */
        A80000000000000000000001 = {isa = XCConfigurationList; buildConfigurations = (A70000000000000000000001, A70000000000000000000002); defaultConfigurationIsVisible = 0; defaultConfigurationName = Debug; };
        A80000000000000000000002 = {isa = XCConfigurationList; buildConfigurations = (A70000000000000000000003, A70000000000000000000004); defaultConfigurationIsVisible = 0; defaultConfigurationName = Debug; };
        A80000000000000000000003 = {isa = XCConfigurationList; buildConfigurations = (A70000000000000000000005, A70000000000000000000006); defaultConfigurationIsVisible = 0; defaultConfigurationName = Debug; };
        AB8000000000000000000001 = {isa = XCConfigurationList; buildConfigurations = (AB7000000000000000000001, AB7000000000000000000002); defaultConfigurationIsVisible = 0; defaultConfigurationName = Debug; };
/* End XCConfigurationList section */

/* Begin XCRemoteSwiftPackageReference section */
        AC0000000000000000000001 = {isa = XCLocalSwiftPackageReference; relativePath = Vendor/ShuNetwork; };
        AA0000000000000000000001 = {isa = XCRemoteSwiftPackageReference; repositoryURL = "https://github.com/ZipArchive/ZipArchive.git"; requirement = {kind = exactVersion; version = 2.6.0; }; };
        AA0000000000000000000003 = {isa = XCRemoteSwiftPackageReference; repositoryURL = "https://github.com/SDWebImage/libwebp-Xcode.git"; requirement = {kind = exactVersion; version = 1.6.0; }; };
        AB0000000000000000000001 = {isa = XCRemoteSwiftPackageReference; repositoryURL = "https://github.com/BB9z/LAME-xcframework.git"; requirement = {kind = exactVersion; version = 3.100.3; }; };
/* End XCRemoteSwiftPackageReference section */

/* Begin XCSwiftPackageProductDependency section */
        AC0000000000000000000002 = {isa = XCSwiftPackageProductDependency; package = AC0000000000000000000001; productName = ShuNetwork; };
        AA0000000000000000000002 = {isa = XCSwiftPackageProductDependency; package = AA0000000000000000000001; productName = ZipArchive; };
        AA0000000000000000000004 = {isa = XCSwiftPackageProductDependency; package = AA0000000000000000000003; productName = libwebp; };
        AB0000000000000000000002 = {isa = XCSwiftPackageProductDependency; package = AB0000000000000000000001; productName = LAME; };
/* End XCSwiftPackageProductDependency section */
    };
    rootObject = A60000000000000000000001;
}
