{
  "originHash" : "539be85920b83c0dd404e73b53b8de8b5602e08dd16613da78411c82b60b5b96",
  "pins" : [
    {
      "identity" : "lame-xcframework",
      "kind" : "remoteSourceControl",
      "location" : "https://github.com/BB9z/LAME-xcframework.git",
      "state" : {
        "revision" : "3f906714cf8a8cf2a82a8cf5bc760e639febf7b2",
        "version" : "3.100.3"
      }
    },
    {
      "identity" : "libwebp-xcode",
      "kind" : "remoteSourceControl",
      "location" : "https://github.com/SDWebImage/libwebp-Xcode.git",
      "state" : {
        "revision" : "2b5256c29ff4e20f2a0d5ee863b62b1a22144434",
        "version" : "1.6.0"
      }
    },
    {
      "identity" : "ziparchive",
      "kind" : "remoteSourceControl",
      "location" : "https://github.com/ZipArchive/ZipArchive.git",
      "state" : {
        "revision" : "df35718ea19a94e015b91dc4881dee028ce4cdba",
        "version" : "2.6.0"
      }
    }
  ],
  "version" : 3
}
