{
  "originHash" : "c208a5fc659673de0c6a366611efd8ece2c9bfc5d2a0ac35ef0b8613e02c6398",
  "pins" : [
    {
      "identity" : "lame-xcframework",
      "kind" : "remoteSourceControl",
      "location" : "https://github.com/BB9z/LAME-xcframework.git",
      "state" : {
        "revision" : "3f906714cf8a8cf2a82a8cf5bc760e639febf7b2",
        "version" : "3.100.3"
      }
    },
    {
      "identity" : "ziparchive",
      "kind" : "remoteSourceControl",
      "location" : "https://github.com/ZipArchive/ZipArchive.git",
      "state" : {
        "revision" : "df35718ea19a94e015b91dc4881dee028ce4cdba",
        "version" : "2.6.0"
      }
    }
  ],
  "version" : 3
}
